
Microsoft Visual Studio Solution File, Format Version 12.00
# Visual Studio Version 17
VisualStudioVersion = 17.5.002.0
MinimumVisualStudioVersion = 10.0.40219.1
Project("{9A19103F-16F7-4668-BE54-9A1E7A4F7556}") = "DotNetAPI", "DotNetAPI.csproj", "{555B6E1E-FE33-4462-A0D6-07EA83E0666F}"
EndProject
Global
	GlobalSection(SolutionConfigurationPlatforms) = preSolution
		Debug|Any CPU = Debug|Any CPU
		Release|Any CPU = Release|Any CPU
	EndGlobalSection
	GlobalSection(ProjectConfigurationPlatforms) = postSolution
		{555B6E1E-FE33-4462-A0D6-07EA83E0666F}.Debug|Any CPU.ActiveCfg = Debug|Any CPU
		{555B6E1E-FE33-4462-A0D6-07EA83E0666F}.Debug|Any CPU.Build.0 = Debug|Any CPU
		{555B6E1E-FE33-4462-A0D6-07EA83E0666F}.Release|Any CPU.ActiveCfg = Release|Any CPU
		{555B6E1E-FE33-4462-A0D6-07EA83E0666F}.Release|Any CPU.Build.0 = Release|Any CPU
	EndGlobalSection
	GlobalSection(SolutionProperties) = preSolution
		HideSolutionNode = FALSE
	EndGlobalSection
	GlobalSection(ExtensibilityGlobals) = postSolution
		SolutionGuid = {BB7E22EB-F48B-4FD1-B4C7-D9DC5608D600}
	EndGlobalSection
EndGlobal
